
Microsoft Visual Studio Solution File, Format Version 12.00
# Visual Studio Version 16
VisualStudioVersion = 16.0.29306.81
MinimumVisualStudioVersion = 10.0.40219.1
Project("{9A19103F-16F7-4668-BE54-9A1E7A4F7556}") = "Marketplace", "Marketplace\Marketplace.csproj", "{CE119A2F-5CD5-4349-8314-EA200991BBD5}"
EndProject
Project("{9A19103F-16F7-4668-BE54-9A1E7A4F7556}") = "Marketplace.Domain", "Marketplace.Domain\Marketplace.Domain.csproj", "{45976951-A28F-4B74-B1A0-838B00135D84}"
EndProject
Project("{9A19103F-16F7-4668-BE54-9A1E7A4F7556}") = "Marketplace.Framework", "Marketplace.Framework\Marketplace.Framework.csproj", "{4F5CB3F7-C304-4E99-8DF5-D01AB3A425F2}"
EndProject
Project("{9A19103F-16F7-4668-BE54-9A1E7A4F7556}") = "Marketplace.Tests", "Marketplace.Tests\Marketplace.Tests.csproj", "{40BE61C6-4F84-4FA8-A98D-25A282C0AF07}"
EndProject
Project("{FAE04EC0-301F-11D3-BF4B-00C04F79EFBC}") = "Marketplace.Infrastructure", "Marketplace.Infrastructure\Marketplace.Infrastructure.csproj", "{9355E009-E874-438D-B218-83B3389D7D39}"
EndProject
Global
	GlobalSection(SolutionConfigurationPlatforms) = preSolution
		Debug|Any CPU = Debug|Any CPU
		Release|Any CPU = Release|Any CPU
	EndGlobalSection
	GlobalSection(ProjectConfigurationPlatforms) = postSolution
		{CE119A2F-5CD5-4349-8314-EA200991BBD5}.Debug|Any CPU.ActiveCfg = Debug|Any CPU
		{CE119A2F-5CD5-4349-8314-EA200991BBD5}.Debug|Any CPU.Build.0 = Debug|Any CPU
		{CE119A2F-5CD5-4349-8314-EA200991BBD5}.Release|Any CPU.ActiveCfg = Release|Any CPU
		{CE119A2F-5CD5-4349-8314-EA200991BBD5}.Release|Any CPU.Build.0 = Release|Any CPU
		{45976951-A28F-4B74-B1A0-838B00135D84}.Debug|Any CPU.ActiveCfg = Debug|Any CPU
		{45976951-A28F-4B74-B1A0-838B00135D84}.Debug|Any CPU.Build.0 = Debug|Any CPU
		{45976951-A28F-4B74-B1A0-838B00135D84}.Release|Any CPU.ActiveCfg = Release|Any CPU
		{45976951-A28F-4B74-B1A0-838B00135D84}.Release|Any CPU.Build.0 = Release|Any CPU
		{4F5CB3F7-C304-4E99-8DF5-D01AB3A425F2}.Debug|Any CPU.ActiveCfg = Debug|Any CPU
		{4F5CB3F7-C304-4E99-8DF5-D01AB3A425F2}.Debug|Any CPU.Build.0 = Debug|Any CPU
		{4F5CB3F7-C304-4E99-8DF5-D01AB3A425F2}.Release|Any CPU.ActiveCfg = Release|Any CPU
		{4F5CB3F7-C304-4E99-8DF5-D01AB3A425F2}.Release|Any CPU.Build.0 = Release|Any CPU
		{40BE61C6-4F84-4FA8-A98D-25A282C0AF07}.Debug|Any CPU.ActiveCfg = Debug|Any CPU
		{40BE61C6-4F84-4FA8-A98D-25A282C0AF07}.Debug|Any CPU.Build.0 = Debug|Any CPU
		{40BE61C6-4F84-4FA8-A98D-25A282C0AF07}.Release|Any CPU.ActiveCfg = Release|Any CPU
		{40BE61C6-4F84-4FA8-A98D-25A282C0AF07}.Release|Any CPU.Build.0 = Release|Any CPU
		{9355E009-E874-438D-B218-83B3389D7D39}.Debug|Any CPU.ActiveCfg = Debug|Any CPU
		{9355E009-E874-438D-B218-83B3389D7D39}.Debug|Any CPU.Build.0 = Debug|Any CPU
		{9355E009-E874-438D-B218-83B3389D7D39}.Release|Any CPU.ActiveCfg = Release|Any CPU
		{9355E009-E874-438D-B218-83B3389D7D39}.Release|Any CPU.Build.0 = Release|Any CPU
	EndGlobalSection
	GlobalSection(SolutionProperties) = preSolution
		HideSolutionNode = FALSE
	EndGlobalSection
	GlobalSection(ExtensibilityGlobals) = postSolution
		SolutionGuid = {DA4BFA80-E473-4BC2-9C01-D617CD391EB8}
	EndGlobalSection
EndGlobal
